
Microsoft Visual Studio Solution File, Format Version 12.00
# Visual Studio 2012
Project("{FAE04EC0-301F-11D3-BF4B-00C04F79EFBC}") = "DeclareVariables", "DeclareVariables\DeclareVariables.csproj", "{1E51FA49-3FC1-44A2-A3A4-EB0BBD9D00B1}"
EndProject
Global
	GlobalSection(SolutionConfigurationPlatforms) = preSolution
		Debug|Any CPU = Debug|Any CPU
		Release|Any CPU = Release|Any CPU
	EndGlobalSection
	GlobalSection(ProjectConfigurationPlatforms) = postSolution
		{1E51FA49-3FC1-44A2-A3A4-EB0BBD9D00B1}.Debug|Any CPU.ActiveCfg = Debug|Any CPU
		{1E51FA49-3FC1-44A2-A3A4-EB0BBD9D00B1}.Debug|Any CPU.Build.0 = Debug|Any CPU
		{1E51FA49-3FC1-44A2-A3A4-EB0BBD9D00B1}.Release|Any CPU.ActiveCfg = Release|Any CPU
		{1E51FA49-3FC1-44A2-A3A4-EB0BBD9D00B1}.Release|Any CPU.Build.0 = Release|Any CPU
	EndGlobalSection
EndGlobal
